
Microsoft Visual Studio Solution File, Format Version 12.00
# Visual Studio 14
VisualStudioVersion = 14.0.25420.1
MinimumVisualStudioVersion = 10.0.40219.1
Project("{FAE04EC0-301F-11D3-BF4B-00C04F79EFBC}") = "CreateDeviceIdentity", "CreateDeviceIdentity\CreateDeviceIdentity.csproj", "{EC131062-5D48-4939-BAB1-8AEF856502C8}"
EndProject
Project("{FAE04EC0-301F-11D3-BF4B-00C04F79EFBC}") = "ReadDeviceToCloudMessages", "ReadDeviceToCloudMessages\ReadDeviceToCloudMessages.csproj", "{E27D8091-EE39-45ED-8CB1-7CDEB91F0B19}"
EndProject
Project("{FAE04EC0-301F-11D3-BF4B-00C04F79EFBC}") = "SimulatedDevice", "SimulatedDevice\SimulatedDevice.csproj", "{921CBB17-65D9-449C-B227-2C1D9F48F042}"
EndProject
Global
	GlobalSection(SolutionConfigurationPlatforms) = preSolution
		Debug|Any CPU = Debug|Any CPU
		Release|Any CPU = Release|Any CPU
	EndGlobalSection
	GlobalSection(ProjectConfigurationPlatforms) = postSolution
		{EC131062-5D48-4939-BAB1-8AEF856502C8}.Debug|Any CPU.ActiveCfg = Debug|Any CPU
		{EC131062-5D48-4939-BAB1-8AEF856502C8}.Debug|Any CPU.Build.0 = Debug|Any CPU
		{EC131062-5D48-4939-BAB1-8AEF856502C8}.Release|Any CPU.ActiveCfg = Release|Any CPU
		{EC131062-5D48-4939-BAB1-8AEF856502C8}.Release|Any CPU.Build.0 = Release|Any CPU
		{E27D8091-EE39-45ED-8CB1-7CDEB91F0B19}.Debug|Any CPU.ActiveCfg = Debug|Any CPU
		{E27D8091-EE39-45ED-8CB1-7CDEB91F0B19}.Debug|Any CPU.Build.0 = Debug|Any CPU
		{E27D8091-EE39-45ED-8CB1-7CDEB91F0B19}.Release|Any CPU.ActiveCfg = Release|Any CPU
		{E27D8091-EE39-45ED-8CB1-7CDEB91F0B19}.Release|Any CPU.Build.0 = Release|Any CPU
		{921CBB17-65D9-449C-B227-2C1D9F48F042}.Debug|Any CPU.ActiveCfg = Debug|Any CPU
		{921CBB17-65D9-449C-B227-2C1D9F48F042}.Debug|Any CPU.Build.0 = Debug|Any CPU
		{921CBB17-65D9-449C-B227-2C1D9F48F042}.Release|Any CPU.ActiveCfg = Release|Any CPU
		{921CBB17-65D9-449C-B227-2C1D9F48F042}.Release|Any CPU.Build.0 = Release|Any CPU
	EndGlobalSection
	GlobalSection(SolutionProperties) = preSolution
		HideSolutionNode = FALSE
	EndGlobalSection
	GlobalSection(ExtensibilityGlobals) = postSolution
		EnterpriseLibraryConfigurationToolBinariesPathV6 = packages\EnterpriseLibrary.TransientFaultHandling.6.0.1304.0\lib\portable-net45+win+wp8
	EndGlobalSection
EndGlobal
